# THIS IS AN AUTOGENERATED FILE. DO NOT EDIT THIS FILE DIRECTLY.
# yarn lockfile v1


bootstrap@3.3.7:
  version "3.3.7"
  resolved "https://registry.yarnpkg.com/bootstrap/-/bootstrap-3.3.7.tgz#5a389394549f23330875a3b150656574f8a9eb71"

echarts@^4.0.2:
  version "4.0.2"
  resolved "https://registry.yarnpkg.com/echarts/-/echarts-4.0.2.tgz#c405e9e479af982383c8ae2b5946e52d058c6220"
  dependencies:
    zrender "4.0.1"

jquery@3.3.1:
  version "3.3.1"
  resolved "https://registry.yarnpkg.com/jquery/-/jquery-3.3.1.tgz#958ce29e81c9790f31be7792df5d4d95fc57fbca"

lodash@^4.17.4:
  version "4.17.5"
  resolved "https://registry.yarnpkg.com/lodash/-/lodash-4.17.5.tgz#99a92d65c0272debe8c96b6057bc8fbfa3bed511"

resize-detector@0.0.5:
  version "0.0.5"
  resolved "https://registry.yarnpkg.com/resize-detector/-/resize-detector-0.0.5.tgz#3ccd9f57e9196166fc22a2854d4982be45fbf63b"

vue-echarts@*:
  version "3.0.2"
  resolved "https://registry.yarnpkg.com/vue-echarts/-/vue-echarts-3.0.2.tgz#d5e33bc4e2027909f73f3e4e29ba7a36372edaae"
  dependencies:
    echarts "^4.0.2"
    lodash "^4.17.4"
    resize-detector "0.0.5"

vue-router@^3.0.1:
  version "3.0.1"
  resolved "https://registry.yarnpkg.com/vue-router/-/vue-router-3.0.1.tgz#d9b05ad9c7420ba0f626d6500d693e60092cc1e9"

vue@2.5.13:
  version "2.5.13"
  resolved "https://registry.yarnpkg.com/vue/-/vue-2.5.13.tgz#95bd31e20efcf7a7f39239c9aa6787ce8cf578e1"

zrender@4.0.1:
  version "4.0.1"
  resolved "https://registry.yarnpkg.com/zrender/-/zrender-4.0.1.tgz#961e77abc5042eaa624b5230f8d673bf648298e9"
